// !$*UTF8*$!
{
	archiveVersion = 1;
	classes = {
	};
	objectVersion = 46;
	objects = {

/* Begin PBXBuildFile section */
		69A8FEC81B40795C00F72796 /* AppDelegate.swift in Sources */ = {isa = PBXBuildFile; fileRef = 69A8FEC71B40795C00F72796 /* AppDelegate.swift */; };
		69A8FECA1B40795C00F72796 /* RecordSoundViewController.swift in Sources */ = {isa = PBXBuildFile; fileRef = 69A8FEC91B40795C00F72796 /* RecordSoundViewController.swift */; };
		69A8FECD1B40795C00F72796 /* Main.storyboard in Resources */ = {isa = PBXBuildFile; fileRef = 69A8FECB1B40795C00F72796 /* Main.storyboard */; };
		69A8FECF1B40795C00F72796 /* Images.xcassets in Resources */ = {isa = PBXBuildFile; fileRef = 69A8FECE1B40795C00F72796 /* Images.xcassets */; };
		69A8FED21B40795C00F72796 /* LaunchScreen.xib in Resources */ = {isa = PBXBuildFile; fileRef = 69A8FED01B40795C00F72796 /* LaunchScreen.xib */; };
		69A8FEDE1B40795C00F72796 /* PitchPerfectTests.swift in Sources */ = {isa = PBXBuildFile; fileRef = 69A8FEDD1B40795C00F72796 /* PitchPerfectTests.swift */; };
		69A8FEE81B41044100F72796 /* SoundConverterViewController.swift in Sources */ = {isa = PBXBuildFile; fileRef = 69A8FEE71B41044100F72796 /* SoundConverterViewController.swift */; };
		69A8FEEE1B412DDB00F72796 /* RecordedAudio.swift in Sources */ = {isa = PBXBuildFile; fileRef = 69A8FEED1B412DDB00F72796 /* RecordedAudio.swift */; };
/* End PBXBuildFile section */

/* Begin PBXContainerItemProxy section */
		69A8FED81B40795C00F72796 /* PBXContainerItemProxy */ = {
			isa = PBXContainerItemProxy;
			containerPortal = 69A8FEBA1B40795C00F72796 /* Project object */;
			proxyType = 1;
			remoteGlobalIDString = 69A8FEC11B40795C00F72796;
			remoteInfo = PitchPerfect;
		};
/* End PBXContainerItemProxy section */

/* Begin PBXFileReference section */
		69A8FEC21B40795C00F72796 /* PitchPerfect.app */ = {isa = PBXFileReference; explicitFileType = wrapper.application; includeInIndex = 0; path = PitchPerfect.app; sourceTree = BUILT_PRODUCTS_DIR; };
		69A8FEC61B40795C00F72796 /* Info.plist */ = {isa = PBXFileReference; lastKnownFileType = text.plist.xml; path = Info.plist; sourceTree = "<group>"; };
		69A8FEC71B40795C00F72796 /* AppDelegate.swift */ = {isa = PBXFileReference; lastKnownFileType = sourcecode.swift; path = AppDelegate.swift; sourceTree = "<group>"; };
		69A8FEC91B40795C00F72796 /* RecordSoundViewController.swift */ = {isa = PBXFileReference; lastKnownFileType = sourcecode.swift; path = RecordSoundViewController.swift; sourceTree = "<group>"; };
		69A8FECC1B40795C00F72796 /* Base */ = {isa = PBXFileReference; lastKnownFileType = file.storyboard; name = Base; path = Base.lproj/Main.storyboard; sourceTree = "<group>"; };
		69A8FECE1B40795C00F72796 /* Images.xcassets */ = {isa = PBXFileReference; lastKnownFileType = folder.assetcatalog; path = Images.xcassets; sourceTree = "<group>"; };
		69A8FED11B40795C00F72796 /* Base */ = {isa = PBXFileReference; lastKnownFileType = file.xib; name = Base; path = Base.lproj/LaunchScreen.xib; sourceTree = "<group>"; };
		69A8FED71B40795C00F72796 /* PitchPerfectTests.xctest */ = {isa = PBXFileReference; explicitFileType = wrapper.cfbundle; includeInIndex = 0; path = PitchPerfectTests.xctest; sourceTree = BUILT_PRODUCTS_DIR; };
		69A8FEDC1B40795C00F72796 /* Info.plist */ = {isa = PBXFileReference; lastKnownFileType = text.plist.xml; path = Info.plist; sourceTree = "<group>"; };
		69A8FEDD1B40795C00F72796 /* PitchPerfectTests.swift */ = {isa = PBXFileReference; lastKnownFileType = sourcecode.swift; path = PitchPerfectTests.swift; sourceTree = "<group>"; };
		69A8FEE71B41044100F72796 /* SoundConverterViewController.swift */ = {isa = PBXFileReference; fileEncoding = 4; lastKnownFileType = sourcecode.swift; path = SoundConverterViewController.swift; sourceTree = "<group>"; };
		69A8FEED1B412DDB00F72796 /* RecordedAudio.swift */ = {isa = PBXFileReference; fileEncoding = 4; lastKnownFileType = sourcecode.swift; path = RecordedAudio.swift; sourceTree = "<group>"; };
/* End PBXFileReference section */

/* Begin PBXFrameworksBuildPhase section */
		69A8FEBF1B40795C00F72796 /* Frameworks */ = {
			isa = PBXFrameworksBuildPhase;
			buildActionMask = 2147483647;
			files = (
			);
			runOnlyForDeploymentPostprocessing = 0;
		};
		69A8FED41B40795C00F72796 /* Frameworks */ = {
			isa = PBXFrameworksBuildPhase;
			buildActionMask = 2147483647;
			files = (
			);
			runOnlyForDeploymentPostprocessing = 0;
		};
/* End PBXFrameworksBuildPhase section */

/* Begin PBXGroup section */
		69A8FEB91B40795C00F72796 = {
			isa = PBXGroup;
			children = (
				69A8FEC41B40795C00F72796 /* PitchPerfect */,
				69A8FEDA1B40795C00F72796 /* PitchPerfectTests */,
				69A8FEC31B40795C00F72796 /* Products */,
			);
			sourceTree = "<group>";
		};
		69A8FEC31B40795C00F72796 /* Products */ = {
			isa = PBXGroup;
			children = (
				69A8FEC21B40795C00F72796 /* PitchPerfect.app */,
				69A8FED71B40795C00F72796 /* PitchPerfectTests.xctest */,
			);
			name = Products;
			sourceTree = "<group>";
		};
		69A8FEC41B40795C00F72796 /* PitchPerfect */ = {
			isa = PBXGroup;
			children = (
				69A8FEC71B40795C00F72796 /* AppDelegate.swift */,
				69A8FEC91B40795C00F72796 /* RecordSoundViewController.swift */,
				69A8FECB1B40795C00F72796 /* Main.storyboard */,
				69A8FEE71B41044100F72796 /* SoundConverterViewController.swift */,
				69A8FECE1B40795C00F72796 /* Images.xcassets */,
				69A8FED01B40795C00F72796 /* LaunchScreen.xib */,
				69A8FEC51B40795C00F72796 /* Supporting Files */,
				69A8FEED1B412DDB00F72796 /* RecordedAudio.swift */,
			);
			path = PitchPerfect;
			sourceTree = "<group>";
		};
		69A8FEC51B40795C00F72796 /* Supporting Files */ = {
			isa = PBXGroup;
			children = (
				69A8FEC61B40795C00F72796 /* Info.plist */,
			);
			name = "Supporting Files";
			sourceTree = "<group>";
		};
		69A8FEDA1B40795C00F72796 /* PitchPerfectTests */ = {
			isa = PBXGroup;
			children = (
				69A8FEDD1B40795C00F72796 /* PitchPerfectTests.swift */,
				69A8FEDB1B40795C00F72796 /* Supporting Files */,
			);
			path = PitchPerfectTests;
			sourceTree = "<group>";
		};
		69A8FEDB1B40795C00F72796 /* Supporting Files */ = {
			isa = PBXGroup;
			children = (
				69A8FEDC1B40795C00F72796 /* Info.plist */,
			);
			name = "Supporting Files";
			sourceTree = "<group>";
		};
/* End PBXGroup section */

/* Begin PBXNativeTarget section */
		69A8FEC11B40795C00F72796 /* PitchPerfect */ = {
			isa = PBXNativeTarget;
			buildConfigurationList = 69A8FEE11B40795C00F72796 /* Build configuration list for PBXNativeTarget "PitchPerfect" */;
			buildPhases = (
				69A8FEBE1B40795C00F72796 /* Sources */,
				69A8FEBF1B40795C00F72796 /* Frameworks */,
				69A8FEC01B40795C00F72796 /* Resources */,
			);
			buildRules = (
			);
			dependencies = (
			);
			name = PitchPerfect;
			productName = PitchPerfect;
			productReference = 69A8FEC21B40795C00F72796 /* PitchPerfect.app */;
			productType = "com.apple.product-type.application";
		};
		69A8FED61B40795C00F72796 /* PitchPerfectTests */ = {
			isa = PBXNativeTarget;
			buildConfigurationList = 69A8FEE41B40795C00F72796 /* Build configuration list for PBXNativeTarget "PitchPerfectTests" */;
			buildPhases = (
				69A8FED31B40795C00F72796 /* Sources */,
				69A8FED41B40795C00F72796 /* Frameworks */,
				69A8FED51B40795C00F72796 /* Resources */,
			);
			buildRules = (
			);
			dependencies = (
				69A8FED91B40795C00F72796 /* PBXTargetDependency */,
			);
			name = PitchPerfectTests;
			productName = PitchPerfectTests;
			productReference = 69A8FED71B40795C00F72796 /* PitchPerfectTests.xctest */;
			productType = "com.apple.product-type.bundle.unit-test";
		};
/* End PBXNativeTarget section */

/* Begin PBXProject section */
		69A8FEBA1B40795C00F72796 /* Project object */ = {
			isa = PBXProject;
			attributes = {
				LastUpgradeCheck = 0630;
				ORGANIZATIONNAME = "Duong Tam Chau";
				TargetAttributes = {
					69A8FEC11B40795C00F72796 = {
						CreatedOnToolsVersion = 6.3.1;
					};
					69A8FED61B40795C00F72796 = {
						CreatedOnToolsVersion = 6.3.1;
						TestTargetID = 69A8FEC11B40795C00F72796;
					};
				};
			};
			buildConfigurationList = 69A8FEBD1B40795C00F72796 /* Build configuration list for PBXProject "PitchPerfect" */;
			compatibilityVersion = "Xcode 3.2";
			developmentRegion = English;
			hasScannedForEncodings = 0;
			knownRegions = (
				en,
				Base,
			);
			mainGroup = 69A8FEB91B40795C00F72796;
			productRefGroup = 69A8FEC31B40795C00F72796 /* Products */;
			projectDirPath = "";
			projectRoot = "";
			targets = (
				69A8FEC11B40795C00F72796 /* PitchPerfect */,
				69A8FED61B40795C00F72796 /* PitchPerfectTests */,
			);
		};
/* End PBXProject section */

/* Begin PBXResourcesBuildPhase section */
		69A8FEC01B40795C00F72796 /* Resources */ = {
			isa = PBXResourcesBuildPhase;
			buildActionMask = 2147483647;
			files = (
				69A8FECD1B40795C00F72796 /* Main.storyboard in Resources */,
				69A8FED21B40795C00F72796 /* LaunchScreen.xib in Resources */,
				69A8FECF1B40795C00F72796 /* Images.xcassets in Resources */,
			);
			runOnlyForDeploymentPostprocessing = 0;
		};
		69A8FED51B40795C00F72796 /* Resources */ = {
			isa = PBXResourcesBuildPhase;
			buildActionMask = 2147483647;
			files = (
			);
			runOnlyForDeploymentPostprocessing = 0;
		};
/* End PBXResourcesBuildPhase section */

/* Begin PBXSourcesBuildPhase section */
		69A8FEBE1B40795C00F72796 /* Sources */ = {
			isa = PBXSourcesBuildPhase;
			buildActionMask = 2147483647;
			files = (
				69A8FEEE1B412DDB00F72796 /* RecordedAudio.swift in Sources */,
				69A8FEE81B41044100F72796 /* SoundConverterViewController.swift in Sources */,
				69A8FECA1B40795C00F72796 /* RecordSoundViewController.swift in Sources */,
				69A8FEC81B40795C00F72796 /* AppDelegate.swift in Sources */,
			);
			runOnlyForDeploymentPostprocessing = 0;
		};
		69A8FED31B40795C00F72796 /* Sources */ = {
			isa = PBXSourcesBuildPhase;
			buildActionMask = 2147483647;
			files = (
				69A8FEDE1B40795C00F72796 /* PitchPerfectTests.swift in Sources */,
			);
			runOnlyForDeploymentPostprocessing = 0;
		};
/* End PBXSourcesBuildPhase section */

/* Begin PBXTargetDependency section */
		69A8FED91B40795C00F72796 /* PBXTargetDependency */ = {
			isa = PBXTargetDependency;
			target = 69A8FEC11B40795C00F72796 /* PitchPerfect */;
			targetProxy = 69A8FED81B40795C00F72796 /* PBXContainerItemProxy */;
		};
/* End PBXTargetDependency section */

/* Begin PBXVariantGroup section */
		69A8FECB1B40795C00F72796 /* Main.storyboard */ = {
			isa = PBXVariantGroup;
			children = (
				69A8FECC1B40795C00F72796 /* Base */,
			);
			name = Main.storyboard;
			sourceTree = "<group>";
		};
		69A8FED01B40795C00F72796 /* LaunchScreen.xib */ = {
			isa = PBXVariantGroup;
			children = (
				69A8FED11B40795C00F72796 /* Base */,
			);
			name = LaunchScreen.xib;
			sourceTree = "<group>";
		};
/* End PBXVariantGroup section */

/* Begin XCBuildConfiguration section */
		69A8FEDF1B40795C00F72796 /* Debug */ = {
			isa = XCBuildConfiguration;
			buildSettings = {
				ALWAYS_SEARCH_USER_PATHS = NO;
				CLANG_CXX_LANGUAGE_STANDARD = "gnu++0x";
				CLANG_CXX_LIBRARY = "libc++";
				CLANG_ENABLE_MODULES = YES;
				CLANG_ENABLE_OBJC_ARC = YES;
				CLANG_WARN_BOOL_CONVERSION = YES;
				CLANG_WARN_CONSTANT_CONVERSION = YES;
				CLANG_WARN_DIRECT_OBJC_ISA_USAGE = YES_ERROR;
				CLANG_WARN_EMPTY_BODY = YES;
				CLANG_WARN_ENUM_CONVERSION = YES;
				CLANG_WARN_INT_CONVERSION = YES;
				CLANG_WARN_OBJC_ROOT_CLASS = YES_ERROR;
				CLANG_WARN_UNREACHABLE_CODE = YES;
				CLANG_WARN__DUPLICATE_METHOD_MATCH = YES;
				"CODE_SIGN_IDENTITY[sdk=iphoneos*]" = "iPhone Developer";
				COPY_PHASE_STRIP = NO;
				DEBUG_INFORMATION_FORMAT = "dwarf-with-dsym";
				ENABLE_STRICT_OBJC_MSGSEND = YES;
				GCC_C_LANGUAGE_STANDARD = gnu99;
				GCC_DYNAMIC_NO_PIC = NO;
				GCC_NO_COMMON_BLOCKS = YES;
				GCC_OPTIMIZATION_LEVEL = 0;
				GCC_PREPROCESSOR_DEFINITIONS = (
					"DEBUG=1",
					"$(inherited)",
				);
				GCC_SYMBOLS_PRIVATE_EXTERN = NO;
				GCC_WARN_64_TO_32_BIT_CONVERSION = YES;
				GCC_WARN_ABOUT_RETURN_TYPE = YES_ERROR;
				GCC_WARN_UNDECLARED_SELECTOR = YES;
				GCC_WARN_UNINITIALIZED_AUTOS = YES_AGGRESSIVE;
				GCC_WARN_UNUSED_FUNCTION = YES;
				GCC_WARN_UNUSED_VARIABLE = YES;
				IPHONEOS_DEPLOYMENT_TARGET = 8.3;
				MTL_ENABLE_DEBUG_INFO = YES;
				ONLY_ACTIVE_ARCH = YES;
				SDKROOT = iphoneos;
				SWIFT_OPTIMIZATION_LEVEL = "-Onone";
			};
			name = Debug;
		};
		69A8FEE01B40795C00F72796 /* Release */ = {
			isa = XCBuildConfiguration;
			buildSettings = {
				ALWAYS_SEARCH_USER_PATHS = NO;
				CLANG_CXX_LANGUAGE_STANDARD = "gnu++0x";
				CLANG_CXX_LIBRARY = "libc++";
				CLANG_ENABLE_MODULES = YES;
				CLANG_ENABLE_OBJC_ARC = YES;
				CLANG_WARN_BOOL_CONVERSION = YES;
				CLANG_WARN_CONSTANT_CONVERSION = YES;
				CLANG_WARN_DIRECT_OBJC_ISA_USAGE = YES_ERROR;
				CLANG_WARN_EMPTY_BODY = YES;
				CLANG_WARN_ENUM_CONVERSION = YES;
				CLANG_WARN_INT_CONVERSION = YES;
				CLANG_WARN_OBJC_ROOT_CLASS = YES_ERROR;
				CLANG_WARN_UNREACHABLE_CODE = YES;
				CLANG_WARN__DUPLICATE_METHOD_MATCH = YES;
				"CODE_SIGN_IDENTITY[sdk=iphoneos*]" = "iPhone Developer";
				COPY_PHASE_STRIP = NO;
				DEBUG_INFORMATION_FORMAT = "dwarf-with-dsym";
				ENABLE_NS_ASSERTIONS = NO;
				ENABLE_STRICT_OBJC_MSGSEND = YES;
				GCC_C_LANGUAGE_STANDARD = gnu99;
				GCC_NO_COMMON_BLOCKS = YES;
				GCC_WARN_64_TO_32_BIT_CONVERSION = YES;
				GCC_WARN_ABOUT_RETURN_TYPE = YES_ERROR;
				GCC_WARN_UNDECLARED_SELECTOR = YES;
				GCC_WARN_UNINITIALIZED_AUTOS = YES_AGGRESSIVE;
				GCC_WARN_UNUSED_FUNCTION = YES;
				GCC_WARN_UNUSED_VARIABLE = YES;
				IPHONEOS_DEPLOYMENT_TARGET = 8.3;
				MTL_ENABLE_DEBUG_INFO = NO;
				SDKROOT = iphoneos;
				VALIDATE_PRODUCT = YES;
			};
			name = Release;
		};
		69A8FEE21B40795C00F72796 /* Debug */ = {
			isa = XCBuildConfiguration;
			buildSettings = {
				ASSETCATALOG_COMPILER_APPICON_NAME = AppIcon;
				INFOPLIST_FILE = PitchPerfect/Info.plist;
				LD_RUNPATH_SEARCH_PATHS = "$(inherited) @executable_path/Frameworks";
				PRODUCT_NAME = "$(TARGET_NAME)";
			};
			name = Debug;
		};
		69A8FEE31B40795C00F72796 /* Release */ = {
			isa = XCBuildConfiguration;
			buildSettings = {
				ASSETCATALOG_COMPILER_APPICON_NAME = AppIcon;
				INFOPLIST_FILE = PitchPerfect/Info.plist;
				LD_RUNPATH_SEARCH_PATHS = "$(inherited) @executable_path/Frameworks";
				PRODUCT_NAME = "$(TARGET_NAME)";
			};
			name = Release;
		};
		69A8FEE51B40795C00F72796 /* Debug */ = {
			isa = XCBuildConfiguration;
			buildSettings = {
				BUNDLE_LOADER = "$(TEST_HOST)";
				FRAMEWORK_SEARCH_PATHS = (
					"$(SDKROOT)/Developer/Library/Frameworks",
					"$(inherited)",
				);
				GCC_PREPROCESSOR_DEFINITIONS = (
					"DEBUG=1",
					"$(inherited)",
				);
				INFOPLIST_FILE = PitchPerfectTests/Info.plist;
				LD_RUNPATH_SEARCH_PATHS = "$(inherited) @executable_path/Frameworks @loader_path/Frameworks";
				PRODUCT_NAME = "$(TARGET_NAME)";
				TEST_HOST = "$(BUILT_PRODUCTS_DIR)/PitchPerfect.app/PitchPerfect";
			};
			name = Debug;
		};
		69A8FEE61B40795C00F72796 /* Release */ = {
			isa = XCBuildConfiguration;
			buildSettings = {
				BUNDLE_LOADER = "$(TEST_HOST)";
				FRAMEWORK_SEARCH_PATHS = (
					"$(SDKROOT)/Developer/Library/Frameworks",
					"$(inherited)",
				);
				INFOPLIST_FILE = PitchPerfectTests/Info.plist;
				LD_RUNPATH_SEARCH_PATHS = "$(inherited) @executable_path/Frameworks @loader_path/Frameworks";
				PRODUCT_NAME = "$(TARGET_NAME)";
				TEST_HOST = "$(BUILT_PRODUCTS_DIR)/PitchPerfect.app/PitchPerfect";
			};
			name = Release;
		};
/* End XCBuildConfiguration section */

/* Begin XCConfigurationList section */
		69A8FEBD1B40795C00F72796 /* Build configuration list for PBXProject "PitchPerfect" */ = {
			isa = XCConfigurationList;
			buildConfigurations = (
				69A8FEDF1B40795C00F72796 /* Debug */,
				69A8FEE01B40795C00F72796 /* Release */,
			);
			defaultConfigurationIsVisible = 0;
			defaultConfigurationName = Release;
		};
		69A8FEE11B40795C00F72796 /* Build configuration list for PBXNativeTarget "PitchPerfect" */ = {
			isa = XCConfigurationList;
			buildConfigurations = (
				69A8FEE21B40795C00F72796 /* Debug */,
				69A8FEE31B40795C00F72796 /* Release */,
			);
			defaultConfigurationIsVisible = 0;
			defaultConfigurationName = Release;
		};
		69A8FEE41B40795C00F72796 /* Build configuration list for PBXNativeTarget "PitchPerfectTests" */ = {
			isa = XCConfigurationList;
			buildConfigurations = (
				69A8FEE51B40795C00F72796 /* Debug */,
				69A8FEE61B40795C00F72796 /* Release */,
			);
			defaultConfigurationIsVisible = 0;
			defaultConfigurationName = Release;
		};
/* End XCConfigurationList section */
	};
	rootObject = 69A8FEBA1B40795C00F72796 /* Project object */;
}
